
Microsoft Visual Studio Solution File, Format Version 12.00
# Visual Studio 15
VisualStudioVersion = 15.0.26124.0
MinimumVisualStudioVersion = 15.0.26124.0
Project("{FAE04EC0-301F-11D3-BF4B-00C04F79EFBC}") = "AmHaulage.Services.Contracts", "AmHaulage.Services.Contracts\AmHaulage.Services.Contracts.csproj", "{0DE6E948-42C3-44D8-BCE2-BE53CE093282}"
EndProject
Project("{FAE04EC0-301F-11D3-BF4B-00C04F79EFBC}") = "AmHaulage.Services", "AmHaulage.Services\AmHaulage.Services.csproj", "{6E6F0D02-565D-4EBC-919A-E118654C6C91}"
EndProject
Project("{FAE04EC0-301F-11D3-BF4B-00C04F79EFBC}") = "AmHaulage.WebApi", "AmHaulage.WebApi\AmHaulage.WebApi.csproj", "{5042C592-D9F7-40D8-BABC-91D833754CDE}"
EndProject
Project("{FAE04EC0-301F-11D3-BF4B-00C04F79EFBC}") = "AmHaulage.Services.UnitTests", "AmHaulage.Services.UnitTests\AmHaulage.Services.UnitTests.csproj", "{42FB0D63-DEE2-48DE-A260-C558A72B9FC8}"
EndProject
Project("{FAE04EC0-301F-11D3-BF4B-00C04F79EFBC}") = "AmHaulage.Persistence", "AmHaulage.Persistence\AmHaulage.Persistence.csproj", "{4A9C0935-1117-4B93-9810-57AA5F9234D8}"
EndProject
Global
	GlobalSection(SolutionConfigurationPlatforms) = preSolution
		Debug|Any CPU = Debug|Any CPU
		Debug|x64 = Debug|x64
		Debug|x86 = Debug|x86
		Release|Any CPU = Release|Any CPU
		Release|x64 = Release|x64
		Release|x86 = Release|x86
	EndGlobalSection
	GlobalSection(SolutionProperties) = preSolution
		HideSolutionNode = FALSE
	EndGlobalSection
	GlobalSection(ProjectConfigurationPlatforms) = postSolution
		{0DE6E948-42C3-44D8-BCE2-BE53CE093282}.Debug|Any CPU.ActiveCfg = Debug|Any CPU
		{0DE6E948-42C3-44D8-BCE2-BE53CE093282}.Debug|Any CPU.Build.0 = Debug|Any CPU
		{0DE6E948-42C3-44D8-BCE2-BE53CE093282}.Debug|x64.ActiveCfg = Debug|Any CPU
		{0DE6E948-42C3-44D8-BCE2-BE53CE093282}.Debug|x64.Build.0 = Debug|Any CPU
		{0DE6E948-42C3-44D8-BCE2-BE53CE093282}.Debug|x86.ActiveCfg = Debug|Any CPU
		{0DE6E948-42C3-44D8-BCE2-BE53CE093282}.Debug|x86.Build.0 = Debug|Any CPU
		{0DE6E948-42C3-44D8-BCE2-BE53CE093282}.Release|Any CPU.ActiveCfg = Release|Any CPU
		{0DE6E948-42C3-44D8-BCE2-BE53CE093282}.Release|Any CPU.Build.0 = Release|Any CPU
		{0DE6E948-42C3-44D8-BCE2-BE53CE093282}.Release|x64.ActiveCfg = Release|Any CPU
		{0DE6E948-42C3-44D8-BCE2-BE53CE093282}.Release|x64.Build.0 = Release|Any CPU
		{0DE6E948-42C3-44D8-BCE2-BE53CE093282}.Release|x86.ActiveCfg = Release|Any CPU
		{0DE6E948-42C3-44D8-BCE2-BE53CE093282}.Release|x86.Build.0 = Release|Any CPU
		{6E6F0D02-565D-4EBC-919A-E118654C6C91}.Debug|Any CPU.ActiveCfg = Debug|Any CPU
		{6E6F0D02-565D-4EBC-919A-E118654C6C91}.Debug|Any CPU.Build.0 = Debug|Any CPU
		{6E6F0D02-565D-4EBC-919A-E118654C6C91}.Debug|x64.ActiveCfg = Debug|Any CPU
		{6E6F0D02-565D-4EBC-919A-E118654C6C91}.Debug|x64.Build.0 = Debug|Any CPU
		{6E6F0D02-565D-4EBC-919A-E118654C6C91}.Debug|x86.ActiveCfg = Debug|Any CPU
		{6E6F0D02-565D-4EBC-919A-E118654C6C91}.Debug|x86.Build.0 = Debug|Any CPU
		{6E6F0D02-565D-4EBC-919A-E118654C6C91}.Release|Any CPU.ActiveCfg = Release|Any CPU
		{6E6F0D02-565D-4EBC-919A-E118654C6C91}.Release|Any CPU.Build.0 = Release|Any CPU
		{6E6F0D02-565D-4EBC-919A-E118654C6C91}.Release|x64.ActiveCfg = Release|Any CPU
		{6E6F0D02-565D-4EBC-919A-E118654C6C91}.Release|x64.Build.0 = Release|Any CPU
		{6E6F0D02-565D-4EBC-919A-E118654C6C91}.Release|x86.ActiveCfg = Release|Any CPU
		{6E6F0D02-565D-4EBC-919A-E118654C6C91}.Release|x86.Build.0 = Release|Any CPU
		{5042C592-D9F7-40D8-BABC-91D833754CDE}.Debug|Any CPU.ActiveCfg = Debug|Any CPU
		{5042C592-D9F7-40D8-BABC-91D833754CDE}.Debug|Any CPU.Build.0 = Debug|Any CPU
		{5042C592-D9F7-40D8-BABC-91D833754CDE}.Debug|x64.ActiveCfg = Debug|Any CPU
		{5042C592-D9F7-40D8-BABC-91D833754CDE}.Debug|x64.Build.0 = Debug|Any CPU
		{5042C592-D9F7-40D8-BABC-91D833754CDE}.Debug|x86.ActiveCfg = Debug|Any CPU
		{5042C592-D9F7-40D8-BABC-91D833754CDE}.Debug|x86.Build.0 = Debug|Any CPU
		{5042C592-D9F7-40D8-BABC-91D833754CDE}.Release|Any CPU.ActiveCfg = Release|Any CPU
		{5042C592-D9F7-40D8-BABC-91D833754CDE}.Release|Any CPU.Build.0 = Release|Any CPU
		{5042C592-D9F7-40D8-BABC-91D833754CDE}.Release|x64.ActiveCfg = Release|Any CPU
		{5042C592-D9F7-40D8-BABC-91D833754CDE}.Release|x64.Build.0 = Release|Any CPU
		{5042C592-D9F7-40D8-BABC-91D833754CDE}.Release|x86.ActiveCfg = Release|Any CPU
		{5042C592-D9F7-40D8-BABC-91D833754CDE}.Release|x86.Build.0 = Release|Any CPU
		{42FB0D63-DEE2-48DE-A260-C558A72B9FC8}.Debug|Any CPU.ActiveCfg = Debug|Any CPU
		{42FB0D63-DEE2-48DE-A260-C558A72B9FC8}.Debug|Any CPU.Build.0 = Debug|Any CPU
		{42FB0D63-DEE2-48DE-A260-C558A72B9FC8}.Debug|x64.ActiveCfg = Debug|Any CPU
		{42FB0D63-DEE2-48DE-A260-C558A72B9FC8}.Debug|x64.Build.0 = Debug|Any CPU
		{42FB0D63-DEE2-48DE-A260-C558A72B9FC8}.Debug|x86.ActiveCfg = Debug|Any CPU
		{42FB0D63-DEE2-48DE-A260-C558A72B9FC8}.Debug|x86.Build.0 = Debug|Any CPU
		{42FB0D63-DEE2-48DE-A260-C558A72B9FC8}.Release|Any CPU.ActiveCfg = Release|Any CPU
		{42FB0D63-DEE2-48DE-A260-C558A72B9FC8}.Release|Any CPU.Build.0 = Release|Any CPU
		{42FB0D63-DEE2-48DE-A260-C558A72B9FC8}.Release|x64.ActiveCfg = Release|Any CPU
		{42FB0D63-DEE2-48DE-A260-C558A72B9FC8}.Release|x64.Build.0 = Release|Any CPU
		{42FB0D63-DEE2-48DE-A260-C558A72B9FC8}.Release|x86.ActiveCfg = Release|Any CPU
		{42FB0D63-DEE2-48DE-A260-C558A72B9FC8}.Release|x86.Build.0 = Release|Any CPU
		{4A9C0935-1117-4B93-9810-57AA5F9234D8}.Debug|Any CPU.ActiveCfg = Debug|Any CPU
		{4A9C0935-1117-4B93-9810-57AA5F9234D8}.Debug|Any CPU.Build.0 = Debug|Any CPU
		{4A9C0935-1117-4B93-9810-57AA5F9234D8}.Debug|x64.ActiveCfg = Debug|Any CPU
		{4A9C0935-1117-4B93-9810-57AA5F9234D8}.Debug|x64.Build.0 = Debug|Any CPU
		{4A9C0935-1117-4B93-9810-57AA5F9234D8}.Debug|x86.ActiveCfg = Debug|Any CPU
		{4A9C0935-1117-4B93-9810-57AA5F9234D8}.Debug|x86.Build.0 = Debug|Any CPU
		{4A9C0935-1117-4B93-9810-57AA5F9234D8}.Release|Any CPU.ActiveCfg = Release|Any CPU
		{4A9C0935-1117-4B93-9810-57AA5F9234D8}.Release|Any CPU.Build.0 = Release|Any CPU
		{4A9C0935-1117-4B93-9810-57AA5F9234D8}.Release|x64.ActiveCfg = Release|Any CPU
		{4A9C0935-1117-4B93-9810-57AA5F9234D8}.Release|x64.Build.0 = Release|Any CPU
		{4A9C0935-1117-4B93-9810-57AA5F9234D8}.Release|x86.ActiveCfg = Release|Any CPU
		{4A9C0935-1117-4B93-9810-57AA5F9234D8}.Release|x86.Build.0 = Release|Any CPU
	EndGlobalSection
EndGlobal
